// !$*UTF8*$!
{
	archiveVersion = 1;
	classes = {
	};
	objectVersion = 46;
	objects = {

/* Begin PBXBuildFile section */
		C0BF07445D3E97E0B0AFC526 /* Pods_skoovymap.framework in Frameworks */ = {isa = PBXBuildFile; fileRef = B03F089AAB58AB888295246A /* Pods_skoovymap.framework */; };
		CCA76CCA1EBB30C200CE1E49 /* NewContentRequestViewController.swift in Sources */ = {isa = PBXBuildFile; fileRef = CCA76CC91EBB30C200CE1E49 /* NewContentRequestViewController.swift */; };
		CCA76CCC1EBB43B500CE1E49 /* CheckboxButton.swift in Sources */ = {isa = PBXBuildFile; fileRef = CCA76CCB1EBB43B500CE1E49 /* CheckboxButton.swift */; };
		CCA76CD31EBB68D200CE1E49 /* ContentViewController.swift in Sources */ = {isa = PBXBuildFile; fileRef = CCA76CD21EBB68D200CE1E49 /* ContentViewController.swift */; };
		CCA76CD61EBBA6F800CE1E49 /* splash.mp4 in Resources */ = {isa = PBXBuildFile; fileRef = CCA76CD51EBBA6F800CE1E49 /* splash.mp4 */; };
		CCA76CD81EBC1CE000CE1E49 /* ShareLocationAlertView.xib in Resources */ = {isa = PBXBuildFile; fileRef = CCA76CD71EBC1CE000CE1E49 /* ShareLocationAlertView.xib */; };
		CCA76CDA1EBC638A00CE1E49 /* PlaceAlert.xib in Resources */ = {isa = PBXBuildFile; fileRef = CCA76CD91EBC638A00CE1E49 /* PlaceAlert.xib */; };
		CCA76CDD1EBC64D400CE1E49 /* ImageCell.swift in Sources */ = {isa = PBXBuildFile; fileRef = CCA76CDB1EBC64D400CE1E49 /* ImageCell.swift */; };
		CCA76CDE1EBC64D400CE1E49 /* VideoCell.swift in Sources */ = {isa = PBXBuildFile; fileRef = CCA76CDC1EBC64D400CE1E49 /* VideoCell.swift */; };
		DD7A9D1B1EBB182700030113 /* AppDelegate.swift in Sources */ = {isa = PBXBuildFile; fileRef = DD7A9D1A1EBB182700030113 /* AppDelegate.swift */; };
		DD7A9D1D1EBB182700030113 /* MapViewController.swift in Sources */ = {isa = PBXBuildFile; fileRef = DD7A9D1C1EBB182700030113 /* MapViewController.swift */; };
		DD7A9D201EBB182800030113 /* Main.storyboard in Resources */ = {isa = PBXBuildFile; fileRef = DD7A9D1E1EBB182800030113 /* Main.storyboard */; };
		DD7A9D231EBB182800030113 /* skoovymap.xcdatamodeld in Sources */ = {isa = PBXBuildFile; fileRef = DD7A9D211EBB182800030113 /* skoovymap.xcdatamodeld */; };
		DD7A9D251EBB182800030113 /* Assets.xcassets in Resources */ = {isa = PBXBuildFile; fileRef = DD7A9D241EBB182800030113 /* Assets.xcassets */; };
		DD7A9D281EBB182800030113 /* LaunchScreen.storyboard in Resources */ = {isa = PBXBuildFile; fileRef = DD7A9D261EBB182800030113 /* LaunchScreen.storyboard */; };
		DD7A9D331EBB182800030113 /* skoovymapTests.swift in Sources */ = {isa = PBXBuildFile; fileRef = DD7A9D321EBB182800030113 /* skoovymapTests.swift */; };
		DD7A9D3E1EBB182800030113 /* skoovymapUITests.swift in Sources */ = {isa = PBXBuildFile; fileRef = DD7A9D3D1EBB182800030113 /* skoovymapUITests.swift */; };
/* End PBXBuildFile section */

/* Begin PBXContainerItemProxy section */
		DD7A9D2F1EBB182800030113 /* PBXContainerItemProxy */ = {
			isa = PBXContainerItemProxy;
			containerPortal = DD7A9D0F1EBB182700030113 /* Project object */;
			proxyType = 1;
			remoteGlobalIDString = DD7A9D161EBB182700030113;
			remoteInfo = skoovymap;
		};
		DD7A9D3A1EBB182800030113 /* PBXContainerItemProxy */ = {
			isa = PBXContainerItemProxy;
			containerPortal = DD7A9D0F1EBB182700030113 /* Project object */;
			proxyType = 1;
			remoteGlobalIDString = DD7A9D161EBB182700030113;
			remoteInfo = skoovymap;
		};
/* End PBXContainerItemProxy section */

/* Begin PBXFileReference section */
		92E9BAE6394260CC593DB316 /* Pods-skoovymap.release.xcconfig */ = {isa = PBXFileReference; includeInIndex = 1; lastKnownFileType = text.xcconfig; name = "Pods-skoovymap.release.xcconfig"; path = "Pods/Target Support Files/Pods-skoovymap/Pods-skoovymap.release.xcconfig"; sourceTree = "<group>"; };
		B03F089AAB58AB888295246A /* Pods_skoovymap.framework */ = {isa = PBXFileReference; explicitFileType = wrapper.framework; includeInIndex = 0; path = Pods_skoovymap.framework; sourceTree = BUILT_PRODUCTS_DIR; };
		CCA76CC91EBB30C200CE1E49 /* NewContentRequestViewController.swift */ = {isa = PBXFileReference; fileEncoding = 4; lastKnownFileType = sourcecode.swift; path = NewContentRequestViewController.swift; sourceTree = "<group>"; };
		CCA76CCB1EBB43B500CE1E49 /* CheckboxButton.swift */ = {isa = PBXFileReference; fileEncoding = 4; lastKnownFileType = sourcecode.swift; path = CheckboxButton.swift; sourceTree = "<group>"; };
		CCA76CD21EBB68D200CE1E49 /* ContentViewController.swift */ = {isa = PBXFileReference; fileEncoding = 4; lastKnownFileType = sourcecode.swift; path = ContentViewController.swift; sourceTree = "<group>"; };
		CCA76CD51EBBA6F800CE1E49 /* splash.mp4 */ = {isa = PBXFileReference; lastKnownFileType = file; path = splash.mp4; sourceTree = "<group>"; };
		CCA76CD71EBC1CE000CE1E49 /* ShareLocationAlertView.xib */ = {isa = PBXFileReference; fileEncoding = 4; lastKnownFileType = file.xib; path = ShareLocationAlertView.xib; sourceTree = "<group>"; };
		CCA76CD91EBC638A00CE1E49 /* PlaceAlert.xib */ = {isa = PBXFileReference; fileEncoding = 4; lastKnownFileType = file.xib; path = PlaceAlert.xib; sourceTree = "<group>"; };
		CCA76CDB1EBC64D400CE1E49 /* ImageCell.swift */ = {isa = PBXFileReference; fileEncoding = 4; lastKnownFileType = sourcecode.swift; name = ImageCell.swift; path = CustomCell/ImageCell.swift; sourceTree = "<group>"; };
		CCA76CDC1EBC64D400CE1E49 /* VideoCell.swift */ = {isa = PBXFileReference; fileEncoding = 4; lastKnownFileType = sourcecode.swift; name = VideoCell.swift; path = CustomCell/VideoCell.swift; sourceTree = "<group>"; };
		DD7A9D171EBB182700030113 /* skoovymap.app */ = {isa = PBXFileReference; explicitFileType = wrapper.application; includeInIndex = 0; path = skoovymap.app; sourceTree = BUILT_PRODUCTS_DIR; };
		DD7A9D1A1EBB182700030113 /* AppDelegate.swift */ = {isa = PBXFileReference; lastKnownFileType = sourcecode.swift; path = AppDelegate.swift; sourceTree = "<group>"; };
		DD7A9D1C1EBB182700030113 /* MapViewController.swift */ = {isa = PBXFileReference; lastKnownFileType = sourcecode.swift; path = MapViewController.swift; sourceTree = "<group>"; };
		DD7A9D1F1EBB182800030113 /* Base */ = {isa = PBXFileReference; lastKnownFileType = file.storyboard; name = Base; path = Base.lproj/Main.storyboard; sourceTree = "<group>"; };
		DD7A9D221EBB182800030113 /* skoovymap.xcdatamodel */ = {isa = PBXFileReference; lastKnownFileType = wrapper.xcdatamodel; path = skoovymap.xcdatamodel; sourceTree = "<group>"; };
		DD7A9D241EBB182800030113 /* Assets.xcassets */ = {isa = PBXFileReference; lastKnownFileType = folder.assetcatalog; path = Assets.xcassets; sourceTree = "<group>"; };
		DD7A9D271EBB182800030113 /* Base */ = {isa = PBXFileReference; lastKnownFileType = file.storyboard; name = Base; path = Base.lproj/LaunchScreen.storyboard; sourceTree = "<group>"; };
		DD7A9D291EBB182800030113 /* Info.plist */ = {isa = PBXFileReference; lastKnownFileType = text.plist.xml; path = Info.plist; sourceTree = "<group>"; };
		DD7A9D2E1EBB182800030113 /* skoovymapTests.xctest */ = {isa = PBXFileReference; explicitFileType = wrapper.cfbundle; includeInIndex = 0; path = skoovymapTests.xctest; sourceTree = BUILT_PRODUCTS_DIR; };
		DD7A9D321EBB182800030113 /* skoovymapTests.swift */ = {isa = PBXFileReference; lastKnownFileType = sourcecode.swift; path = skoovymapTests.swift; sourceTree = "<group>"; };
		DD7A9D341EBB182800030113 /* Info.plist */ = {isa = PBXFileReference; lastKnownFileType = text.plist.xml; path = Info.plist; sourceTree = "<group>"; };
		DD7A9D391EBB182800030113 /* skoovymapUITests.xctest */ = {isa = PBXFileReference; explicitFileType = wrapper.cfbundle; includeInIndex = 0; path = skoovymapUITests.xctest; sourceTree = BUILT_PRODUCTS_DIR; };
		DD7A9D3D1EBB182800030113 /* skoovymapUITests.swift */ = {isa = PBXFileReference; lastKnownFileType = sourcecode.swift; path = skoovymapUITests.swift; sourceTree = "<group>"; };
		DD7A9D3F1EBB182800030113 /* Info.plist */ = {isa = PBXFileReference; lastKnownFileType = text.plist.xml; path = Info.plist; sourceTree = "<group>"; };
		F69203EED478C1599E7F9269 /* Pods-skoovymap.debug.xcconfig */ = {isa = PBXFileReference; includeInIndex = 1; lastKnownFileType = text.xcconfig; name = "Pods-skoovymap.debug.xcconfig"; path = "Pods/Target Support Files/Pods-skoovymap/Pods-skoovymap.debug.xcconfig"; sourceTree = "<group>"; };
/* End PBXFileReference section */

/* Begin PBXFrameworksBuildPhase section */
		DD7A9D141EBB182700030113 /* Frameworks */ = {
			isa = PBXFrameworksBuildPhase;
			buildActionMask = 2147483647;
			files = (
				C0BF07445D3E97E0B0AFC526 /* Pods_skoovymap.framework in Frameworks */,
			);
			runOnlyForDeploymentPostprocessing = 0;
		};
		DD7A9D2B1EBB182800030113 /* Frameworks */ = {
			isa = PBXFrameworksBuildPhase;
			buildActionMask = 2147483647;
			files = (
			);
			runOnlyForDeploymentPostprocessing = 0;
		};
		DD7A9D361EBB182800030113 /* Frameworks */ = {
			isa = PBXFrameworksBuildPhase;
			buildActionMask = 2147483647;
			files = (
			);
			runOnlyForDeploymentPostprocessing = 0;
		};
/* End PBXFrameworksBuildPhase section */

/* Begin PBXGroup section */
		5835DFFDBD5CE7A8BF39937B /* Pods */ = {
			isa = PBXGroup;
			children = (
				F69203EED478C1599E7F9269 /* Pods-skoovymap.debug.xcconfig */,
				92E9BAE6394260CC593DB316 /* Pods-skoovymap.release.xcconfig */,
			);
			name = Pods;
			sourceTree = "<group>";
		};
		92B88B0ED9A8D0612AFFB0F1 /* Frameworks */ = {
			isa = PBXGroup;
			children = (
				B03F089AAB58AB888295246A /* Pods_skoovymap.framework */,
			);
			name = Frameworks;
			sourceTree = "<group>";
		};
		CCA76CCD1EBB677E00CE1E49 /* CustomCells */ = {
			isa = PBXGroup;
			children = (
				CCA76CDB1EBC64D400CE1E49 /* ImageCell.swift */,
				CCA76CDC1EBC64D400CE1E49 /* VideoCell.swift */,
			);
			name = CustomCells;
			sourceTree = "<group>";
		};
		DD7A9D0E1EBB182700030113 = {
			isa = PBXGroup;
			children = (
				CCA76CD51EBBA6F800CE1E49 /* splash.mp4 */,
				DD7A9D191EBB182700030113 /* skoovymap */,
				DD7A9D311EBB182800030113 /* skoovymapTests */,
				DD7A9D3C1EBB182800030113 /* skoovymapUITests */,
				DD7A9D181EBB182700030113 /* Products */,
				5835DFFDBD5CE7A8BF39937B /* Pods */,
				92B88B0ED9A8D0612AFFB0F1 /* Frameworks */,
			);
			sourceTree = "<group>";
		};
		DD7A9D181EBB182700030113 /* Products */ = {
			isa = PBXGroup;
			children = (
				DD7A9D171EBB182700030113 /* skoovymap.app */,
				DD7A9D2E1EBB182800030113 /* skoovymapTests.xctest */,
				DD7A9D391EBB182800030113 /* skoovymapUITests.xctest */,
			);
			name = Products;
			sourceTree = "<group>";
		};
		DD7A9D191EBB182700030113 /* skoovymap */ = {
			isa = PBXGroup;
			children = (
				DD7A9D1A1EBB182700030113 /* AppDelegate.swift */,
				DD7A9D1C1EBB182700030113 /* MapViewController.swift */,
				CCA76CC91EBB30C200CE1E49 /* NewContentRequestViewController.swift */,
				CCA76CD21EBB68D200CE1E49 /* ContentViewController.swift */,
				CCA76CCD1EBB677E00CE1E49 /* CustomCells */,
				DD7A9D1E1EBB182800030113 /* Main.storyboard */,
				CCA76CD71EBC1CE000CE1E49 /* ShareLocationAlertView.xib */,
				CCA76CD91EBC638A00CE1E49 /* PlaceAlert.xib */,
				DD7A9D241EBB182800030113 /* Assets.xcassets */,
				DD7A9D261EBB182800030113 /* LaunchScreen.storyboard */,
				DD7A9D291EBB182800030113 /* Info.plist */,
				DD7A9D211EBB182800030113 /* skoovymap.xcdatamodeld */,
				CCA76CCB1EBB43B500CE1E49 /* CheckboxButton.swift */,
			);
			path = skoovymap;
			sourceTree = "<group>";
		};
		DD7A9D311EBB182800030113 /* skoovymapTests */ = {
			isa = PBXGroup;
			children = (
				DD7A9D321EBB182800030113 /* skoovymapTests.swift */,
				DD7A9D341EBB182800030113 /* Info.plist */,
			);
			path = skoovymapTests;
			sourceTree = "<group>";
		};
		DD7A9D3C1EBB182800030113 /* skoovymapUITests */ = {
			isa = PBXGroup;
			children = (
				DD7A9D3D1EBB182800030113 /* skoovymapUITests.swift */,
				DD7A9D3F1EBB182800030113 /* Info.plist */,
			);
			path = skoovymapUITests;
			sourceTree = "<group>";
		};
/* End PBXGroup section */

/* Begin PBXNativeTarget section */
		DD7A9D161EBB182700030113 /* skoovymap */ = {
			isa = PBXNativeTarget;
			buildConfigurationList = DD7A9D421EBB182800030113 /* Build configuration list for PBXNativeTarget "skoovymap" */;
			buildPhases = (
				5987D51FEEFEA362BA4E1F54 /* [CP] Check Pods Manifest.lock */,
				DD7A9D131EBB182700030113 /* Sources */,
				DD7A9D141EBB182700030113 /* Frameworks */,
				DD7A9D151EBB182700030113 /* Resources */,
				0409476F63302561310B2232 /* [CP] Embed Pods Frameworks */,
				62DD3E11F85460AF090B5952 /* [CP] Copy Pods Resources */,
			);
			buildRules = (
			);
			dependencies = (
			);
			name = skoovymap;
			productName = skoovymap;
			productReference = DD7A9D171EBB182700030113 /* skoovymap.app */;
			productType = "com.apple.product-type.application";
		};
		DD7A9D2D1EBB182800030113 /* skoovymapTests */ = {
			isa = PBXNativeTarget;
			buildConfigurationList = DD7A9D451EBB182800030113 /* Build configuration list for PBXNativeTarget "skoovymapTests" */;
			buildPhases = (
				DD7A9D2A1EBB182800030113 /* Sources */,
				DD7A9D2B1EBB182800030113 /* Frameworks */,
				DD7A9D2C1EBB182800030113 /* Resources */,
			);
			buildRules = (
			);
			dependencies = (
				DD7A9D301EBB182800030113 /* PBXTargetDependency */,
			);
			name = skoovymapTests;
			productName = skoovymapTests;
			productReference = DD7A9D2E1EBB182800030113 /* skoovymapTests.xctest */;
			productType = "com.apple.product-type.bundle.unit-test";
		};
		DD7A9D381EBB182800030113 /* skoovymapUITests */ = {
			isa = PBXNativeTarget;
			buildConfigurationList = DD7A9D481EBB182800030113 /* Build configuration list for PBXNativeTarget "skoovymapUITests" */;
			buildPhases = (
				DD7A9D351EBB182800030113 /* Sources */,
				DD7A9D361EBB182800030113 /* Frameworks */,
				DD7A9D371EBB182800030113 /* Resources */,
			);
			buildRules = (
			);
			dependencies = (
				DD7A9D3B1EBB182800030113 /* PBXTargetDependency */,
			);
			name = skoovymapUITests;
			productName = skoovymapUITests;
			productReference = DD7A9D391EBB182800030113 /* skoovymapUITests.xctest */;
			productType = "com.apple.product-type.bundle.ui-testing";
		};
/* End PBXNativeTarget section */

/* Begin PBXProject section */
		DD7A9D0F1EBB182700030113 /* Project object */ = {
			isa = PBXProject;
			attributes = {
				LastSwiftUpdateCheck = 0820;
				LastUpgradeCheck = 0820;
				ORGANIZATIONNAME = Rock;
				TargetAttributes = {
					DD7A9D161EBB182700030113 = {
						CreatedOnToolsVersion = 8.2.1;
						ProvisioningStyle = Automatic;
					};
					DD7A9D2D1EBB182800030113 = {
						CreatedOnToolsVersion = 8.2.1;
						ProvisioningStyle = Automatic;
						TestTargetID = DD7A9D161EBB182700030113;
					};
					DD7A9D381EBB182800030113 = {
						CreatedOnToolsVersion = 8.2.1;
						ProvisioningStyle = Automatic;
						TestTargetID = DD7A9D161EBB182700030113;
					};
				};
			};
			buildConfigurationList = DD7A9D121EBB182700030113 /* Build configuration list for PBXProject "skoovymap" */;
			compatibilityVersion = "Xcode 3.2";
			developmentRegion = English;
			hasScannedForEncodings = 0;
			knownRegions = (
				en,
				Base,
			);
			mainGroup = DD7A9D0E1EBB182700030113;
			productRefGroup = DD7A9D181EBB182700030113 /* Products */;
			projectDirPath = "";
			projectRoot = "";
			targets = (
				DD7A9D161EBB182700030113 /* skoovymap */,
				DD7A9D2D1EBB182800030113 /* skoovymapTests */,
				DD7A9D381EBB182800030113 /* skoovymapUITests */,
			);
		};
/* End PBXProject section */

/* Begin PBXResourcesBuildPhase section */
		DD7A9D151EBB182700030113 /* Resources */ = {
			isa = PBXResourcesBuildPhase;
			buildActionMask = 2147483647;
			files = (
				CCA76CDA1EBC638A00CE1E49 /* PlaceAlert.xib in Resources */,
				CCA76CD61EBBA6F800CE1E49 /* splash.mp4 in Resources */,
				DD7A9D281EBB182800030113 /* LaunchScreen.storyboard in Resources */,
				DD7A9D251EBB182800030113 /* Assets.xcassets in Resources */,
				DD7A9D201EBB182800030113 /* Main.storyboard in Resources */,
				CCA76CD81EBC1CE000CE1E49 /* ShareLocationAlertView.xib in Resources */,
			);
			runOnlyForDeploymentPostprocessing = 0;
		};
		DD7A9D2C1EBB182800030113 /* Resources */ = {
			isa = PBXResourcesBuildPhase;
			buildActionMask = 2147483647;
			files = (
			);
			runOnlyForDeploymentPostprocessing = 0;
		};
		DD7A9D371EBB182800030113 /* Resources */ = {
			isa = PBXResourcesBuildPhase;
			buildActionMask = 2147483647;
			files = (
			);
			runOnlyForDeploymentPostprocessing = 0;
		};
/* End PBXResourcesBuildPhase section */

/* Begin PBXShellScriptBuildPhase section */
		0409476F63302561310B2232 /* [CP] Embed Pods Frameworks */ = {
			isa = PBXShellScriptBuildPhase;
			buildActionMask = 2147483647;
			files = (
			);
			inputPaths = (
			);
			name = "[CP] Embed Pods Frameworks";
			outputPaths = (
			);
			runOnlyForDeploymentPostprocessing = 0;
			shellPath = /bin/sh;
			shellScript = "\"${SRCROOT}/Pods/Target Support Files/Pods-skoovymap/Pods-skoovymap-frameworks.sh\"\n";
			showEnvVarsInLog = 0;
		};
		5987D51FEEFEA362BA4E1F54 /* [CP] Check Pods Manifest.lock */ = {
			isa = PBXShellScriptBuildPhase;
			buildActionMask = 2147483647;
			files = (
			);
			inputPaths = (
			);
			name = "[CP] Check Pods Manifest.lock";
			outputPaths = (
			);
			runOnlyForDeploymentPostprocessing = 0;
			shellPath = /bin/sh;
			shellScript = "diff \"${PODS_ROOT}/../Podfile.lock\" \"${PODS_ROOT}/Manifest.lock\" > /dev/null\nif [ $? != 0 ] ; then\n    # print error to STDERR\n    echo \"error: The sandbox is not in sync with the Podfile.lock. Run 'pod install' or update your CocoaPods installation.\" >&2\n    exit 1\nfi\n";
			showEnvVarsInLog = 0;
		};
		62DD3E11F85460AF090B5952 /* [CP] Copy Pods Resources */ = {
			isa = PBXShellScriptBuildPhase;
			buildActionMask = 2147483647;
			files = (
			);
			inputPaths = (
			);
			name = "[CP] Copy Pods Resources";
			outputPaths = (
			);
			runOnlyForDeploymentPostprocessing = 0;
			shellPath = /bin/sh;
			shellScript = "\"${SRCROOT}/Pods/Target Support Files/Pods-skoovymap/Pods-skoovymap-resources.sh\"\n";
			showEnvVarsInLog = 0;
		};
/* End PBXShellScriptBuildPhase section */

/* Begin PBXSourcesBuildPhase section */
		DD7A9D131EBB182700030113 /* Sources */ = {
			isa = PBXSourcesBuildPhase;
			buildActionMask = 2147483647;
			files = (
				CCA76CD31EBB68D200CE1E49 /* ContentViewController.swift in Sources */,
				DD7A9D231EBB182800030113 /* skoovymap.xcdatamodeld in Sources */,
				CCA76CDD1EBC64D400CE1E49 /* ImageCell.swift in Sources */,
				CCA76CCA1EBB30C200CE1E49 /* NewContentRequestViewController.swift in Sources */,
				CCA76CDE1EBC64D400CE1E49 /* VideoCell.swift in Sources */,
				DD7A9D1D1EBB182700030113 /* MapViewController.swift in Sources */,
				CCA76CCC1EBB43B500CE1E49 /* CheckboxButton.swift in Sources */,
				DD7A9D1B1EBB182700030113 /* AppDelegate.swift in Sources */,
			);
			runOnlyForDeploymentPostprocessing = 0;
		};
		DD7A9D2A1EBB182800030113 /* Sources */ = {
			isa = PBXSourcesBuildPhase;
			buildActionMask = 2147483647;
			files = (
				DD7A9D331EBB182800030113 /* skoovymapTests.swift in Sources */,
			);
			runOnlyForDeploymentPostprocessing = 0;
		};
		DD7A9D351EBB182800030113 /* Sources */ = {
			isa = PBXSourcesBuildPhase;
			buildActionMask = 2147483647;
			files = (
				DD7A9D3E1EBB182800030113 /* skoovymapUITests.swift in Sources */,
			);
			runOnlyForDeploymentPostprocessing = 0;
		};
/* End PBXSourcesBuildPhase section */

/* Begin PBXTargetDependency section */
		DD7A9D301EBB182800030113 /* PBXTargetDependency */ = {
			isa = PBXTargetDependency;
			target = DD7A9D161EBB182700030113 /* skoovymap */;
			targetProxy = DD7A9D2F1EBB182800030113 /* PBXContainerItemProxy */;
		};
		DD7A9D3B1EBB182800030113 /* PBXTargetDependency */ = {
			isa = PBXTargetDependency;
			target = DD7A9D161EBB182700030113 /* skoovymap */;
			targetProxy = DD7A9D3A1EBB182800030113 /* PBXContainerItemProxy */;
		};
/* End PBXTargetDependency section */

/* Begin PBXVariantGroup section */
		DD7A9D1E1EBB182800030113 /* Main.storyboard */ = {
			isa = PBXVariantGroup;
			children = (
				DD7A9D1F1EBB182800030113 /* Base */,
			);
			name = Main.storyboard;
			sourceTree = "<group>";
		};
		DD7A9D261EBB182800030113 /* LaunchScreen.storyboard */ = {
			isa = PBXVariantGroup;
			children = (
				DD7A9D271EBB182800030113 /* Base */,
			);
			name = LaunchScreen.storyboard;
			sourceTree = "<group>";
		};
/* End PBXVariantGroup section */

/* Begin XCBuildConfiguration section */
		DD7A9D401EBB182800030113 /* Debug */ = {
			isa = XCBuildConfiguration;
			buildSettings = {
				ALWAYS_SEARCH_USER_PATHS = NO;
				CLANG_ANALYZER_NONNULL = YES;
				CLANG_CXX_LANGUAGE_STANDARD = "gnu++0x";
				CLANG_CXX_LIBRARY = "libc++";
				CLANG_ENABLE_MODULES = YES;
				CLANG_ENABLE_OBJC_ARC = YES;
				CLANG_WARN_BOOL_CONVERSION = YES;
				CLANG_WARN_CONSTANT_CONVERSION = YES;
				CLANG_WARN_DIRECT_OBJC_ISA_USAGE = YES_ERROR;
				CLANG_WARN_DOCUMENTATION_COMMENTS = YES;
				CLANG_WARN_EMPTY_BODY = YES;
				CLANG_WARN_ENUM_CONVERSION = YES;
				CLANG_WARN_INFINITE_RECURSION = YES;
				CLANG_WARN_INT_CONVERSION = YES;
				CLANG_WARN_OBJC_ROOT_CLASS = YES_ERROR;
				CLANG_WARN_SUSPICIOUS_MOVE = YES;
				CLANG_WARN_UNREACHABLE_CODE = YES;
				CLANG_WARN__DUPLICATE_METHOD_MATCH = YES;
				"CODE_SIGN_IDENTITY[sdk=iphoneos*]" = "iPhone Developer";
				COPY_PHASE_STRIP = NO;
				DEBUG_INFORMATION_FORMAT = dwarf;
				ENABLE_STRICT_OBJC_MSGSEND = YES;
				ENABLE_TESTABILITY = YES;
				GCC_C_LANGUAGE_STANDARD = gnu99;
				GCC_DYNAMIC_NO_PIC = NO;
				GCC_NO_COMMON_BLOCKS = YES;
				GCC_OPTIMIZATION_LEVEL = 0;
				GCC_PREPROCESSOR_DEFINITIONS = (
					"DEBUG=1",
					"$(inherited)",
				);
				GCC_WARN_64_TO_32_BIT_CONVERSION = YES;
				GCC_WARN_ABOUT_RETURN_TYPE = YES_ERROR;
				GCC_WARN_UNDECLARED_SELECTOR = YES;
				GCC_WARN_UNINITIALIZED_AUTOS = YES_AGGRESSIVE;
				GCC_WARN_UNUSED_FUNCTION = YES;
				GCC_WARN_UNUSED_VARIABLE = YES;
				IPHONEOS_DEPLOYMENT_TARGET = 10.2;
				MTL_ENABLE_DEBUG_INFO = YES;
				ONLY_ACTIVE_ARCH = YES;
				SDKROOT = iphoneos;
				SWIFT_ACTIVE_COMPILATION_CONDITIONS = DEBUG;
				SWIFT_OPTIMIZATION_LEVEL = "-Onone";
			};
			name = Debug;
		};
		DD7A9D411EBB182800030113 /* Release */ = {
			isa = XCBuildConfiguration;
			buildSettings = {
				ALWAYS_SEARCH_USER_PATHS = NO;
				CLANG_ANALYZER_NONNULL = YES;
				CLANG_CXX_LANGUAGE_STANDARD = "gnu++0x";
				CLANG_CXX_LIBRARY = "libc++";
				CLANG_ENABLE_MODULES = YES;
				CLANG_ENABLE_OBJC_ARC = YES;
				CLANG_WARN_BOOL_CONVERSION = YES;
				CLANG_WARN_CONSTANT_CONVERSION = YES;
				CLANG_WARN_DIRECT_OBJC_ISA_USAGE = YES_ERROR;
				CLANG_WARN_DOCUMENTATION_COMMENTS = YES;
				CLANG_WARN_EMPTY_BODY = YES;
				CLANG_WARN_ENUM_CONVERSION = YES;
				CLANG_WARN_INFINITE_RECURSION = YES;
				CLANG_WARN_INT_CONVERSION = YES;
				CLANG_WARN_OBJC_ROOT_CLASS = YES_ERROR;
				CLANG_WARN_SUSPICIOUS_MOVE = YES;
				CLANG_WARN_UNREACHABLE_CODE = YES;
				CLANG_WARN__DUPLICATE_METHOD_MATCH = YES;
				"CODE_SIGN_IDENTITY[sdk=iphoneos*]" = "iPhone Developer";
				COPY_PHASE_STRIP = NO;
				DEBUG_INFORMATION_FORMAT = "dwarf-with-dsym";
				ENABLE_NS_ASSERTIONS = NO;
				ENABLE_STRICT_OBJC_MSGSEND = YES;
				GCC_C_LANGUAGE_STANDARD = gnu99;
				GCC_NO_COMMON_BLOCKS = YES;
				GCC_WARN_64_TO_32_BIT_CONVERSION = YES;
				GCC_WARN_ABOUT_RETURN_TYPE = YES_ERROR;
				GCC_WARN_UNDECLARED_SELECTOR = YES;
				GCC_WARN_UNINITIALIZED_AUTOS = YES_AGGRESSIVE;
				GCC_WARN_UNUSED_FUNCTION = YES;
				GCC_WARN_UNUSED_VARIABLE = YES;
				IPHONEOS_DEPLOYMENT_TARGET = 10.2;
				MTL_ENABLE_DEBUG_INFO = NO;
				SDKROOT = iphoneos;
				SWIFT_OPTIMIZATION_LEVEL = "-Owholemodule";
				VALIDATE_PRODUCT = YES;
			};
			name = Release;
		};
		DD7A9D431EBB182800030113 /* Debug */ = {
			isa = XCBuildConfiguration;
			baseConfigurationReference = F69203EED478C1599E7F9269 /* Pods-skoovymap.debug.xcconfig */;
			buildSettings = {
				ASSETCATALOG_COMPILER_APPICON_NAME = AppIcon;
				INFOPLIST_FILE = skoovymap/Info.plist;
				LD_RUNPATH_SEARCH_PATHS = "$(inherited) @executable_path/Frameworks";
				PRODUCT_BUNDLE_IDENTIFIER = com.hotsalsainteractive.skoovymap;
				PRODUCT_NAME = "$(TARGET_NAME)";
				SWIFT_VERSION = 3.0;
			};
			name = Debug;
		};
		DD7A9D441EBB182800030113 /* Release */ = {
			isa = XCBuildConfiguration;
			baseConfigurationReference = 92E9BAE6394260CC593DB316 /* Pods-skoovymap.release.xcconfig */;
			buildSettings = {
				ASSETCATALOG_COMPILER_APPICON_NAME = AppIcon;
				INFOPLIST_FILE = skoovymap/Info.plist;
				LD_RUNPATH_SEARCH_PATHS = "$(inherited) @executable_path/Frameworks";
				PRODUCT_BUNDLE_IDENTIFIER = com.hotsalsainteractive.skoovymap;
				PRODUCT_NAME = "$(TARGET_NAME)";
				SWIFT_VERSION = 3.0;
			};
			name = Release;
		};
		DD7A9D461EBB182800030113 /* Debug */ = {
			isa = XCBuildConfiguration;
			buildSettings = {
				ALWAYS_EMBED_SWIFT_STANDARD_LIBRARIES = YES;
				BUNDLE_LOADER = "$(TEST_HOST)";
				INFOPLIST_FILE = skoovymapTests/Info.plist;
				LD_RUNPATH_SEARCH_PATHS = "$(inherited) @executable_path/Frameworks @loader_path/Frameworks";
				PRODUCT_BUNDLE_IDENTIFIER = com.hotsalsainteractive.skoovymapTests;
				PRODUCT_NAME = "$(TARGET_NAME)";
				SWIFT_VERSION = 3.0;
				TEST_HOST = "$(BUILT_PRODUCTS_DIR)/skoovymap.app/skoovymap";
			};
			name = Debug;
		};
		DD7A9D471EBB182800030113 /* Release */ = {
			isa = XCBuildConfiguration;
			buildSettings = {
				ALWAYS_EMBED_SWIFT_STANDARD_LIBRARIES = YES;
				BUNDLE_LOADER = "$(TEST_HOST)";
				INFOPLIST_FILE = skoovymapTests/Info.plist;
				LD_RUNPATH_SEARCH_PATHS = "$(inherited) @executable_path/Frameworks @loader_path/Frameworks";
				PRODUCT_BUNDLE_IDENTIFIER = com.hotsalsainteractive.skoovymapTests;
				PRODUCT_NAME = "$(TARGET_NAME)";
				SWIFT_VERSION = 3.0;
				TEST_HOST = "$(BUILT_PRODUCTS_DIR)/skoovymap.app/skoovymap";
			};
			name = Release;
		};
		DD7A9D491EBB182800030113 /* Debug */ = {
			isa = XCBuildConfiguration;
			buildSettings = {
				ALWAYS_EMBED_SWIFT_STANDARD_LIBRARIES = YES;
				INFOPLIST_FILE = skoovymapUITests/Info.plist;
				LD_RUNPATH_SEARCH_PATHS = "$(inherited) @executable_path/Frameworks @loader_path/Frameworks";
				PRODUCT_BUNDLE_IDENTIFIER = com.hotsalsainteractive.skoovymapUITests;
				PRODUCT_NAME = "$(TARGET_NAME)";
				SWIFT_VERSION = 3.0;
				TEST_TARGET_NAME = skoovymap;
			};
			name = Debug;
		};
		DD7A9D4A1EBB182800030113 /* Release */ = {
			isa = XCBuildConfiguration;
			buildSettings = {
				ALWAYS_EMBED_SWIFT_STANDARD_LIBRARIES = YES;
				INFOPLIST_FILE = skoovymapUITests/Info.plist;
				LD_RUNPATH_SEARCH_PATHS = "$(inherited) @executable_path/Frameworks @loader_path/Frameworks";
				PRODUCT_BUNDLE_IDENTIFIER = com.hotsalsainteractive.skoovymapUITests;
				PRODUCT_NAME = "$(TARGET_NAME)";
				SWIFT_VERSION = 3.0;
				TEST_TARGET_NAME = skoovymap;
			};
			name = Release;
		};
/* End XCBuildConfiguration section */

/* Begin XCConfigurationList section */
		DD7A9D121EBB182700030113 /* Build configuration list for PBXProject "skoovymap" */ = {
			isa = XCConfigurationList;
			buildConfigurations = (
				DD7A9D401EBB182800030113 /* Debug */,
				DD7A9D411EBB182800030113 /* Release */,
			);
			defaultConfigurationIsVisible = 0;
			defaultConfigurationName = Release;
		};
		DD7A9D421EBB182800030113 /* Build configuration list for PBXNativeTarget "skoovymap" */ = {
			isa = XCConfigurationList;
			buildConfigurations = (
				DD7A9D431EBB182800030113 /* Debug */,
				DD7A9D441EBB182800030113 /* Release */,
			);
			defaultConfigurationIsVisible = 0;
			defaultConfigurationName = Release;
		};
		DD7A9D451EBB182800030113 /* Build configuration list for PBXNativeTarget "skoovymapTests" */ = {
			isa = XCConfigurationList;
			buildConfigurations = (
				DD7A9D461EBB182800030113 /* Debug */,
				DD7A9D471EBB182800030113 /* Release */,
			);
			defaultConfigurationIsVisible = 0;
			defaultConfigurationName = Release;
		};
		DD7A9D481EBB182800030113 /* Build configuration list for PBXNativeTarget "skoovymapUITests" */ = {
			isa = XCConfigurationList;
			buildConfigurations = (
				DD7A9D491EBB182800030113 /* Debug */,
				DD7A9D4A1EBB182800030113 /* Release */,
			);
			defaultConfigurationIsVisible = 0;
			defaultConfigurationName = Release;
		};
/* End XCConfigurationList section */

/* Begin XCVersionGroup section */
		DD7A9D211EBB182800030113 /* skoovymap.xcdatamodeld */ = {
			isa = XCVersionGroup;
			children = (
				DD7A9D221EBB182800030113 /* skoovymap.xcdatamodel */,
			);
			currentVersion = DD7A9D221EBB182800030113 /* skoovymap.xcdatamodel */;
			path = skoovymap.xcdatamodeld;
			sourceTree = "<group>";
			versionGroupType = wrapper.xcdatamodel;
		};
/* End XCVersionGroup section */
	};
	rootObject = DD7A9D0F1EBB182700030113 /* Project object */;
}
